// !$*UTF8*$!
{
	archiveVersion = 1;
	classes = {
	};
	objectVersion = 50;
	objects = {

/* Begin PBXBuildFile section */
		1EB339956B0DE0E392329978 /* Pods_sdks_ExampleApp.framework in Frameworks */ = {isa = PBXBuildFile; fileRef = 1BA84C592FD2E474891AFDD8 /* Pods_sdks_ExampleApp.framework */; };
		1F5F4C1E7701B7FC70099DB8 /* Pods_ios_sdk.framework in Frameworks */ = {isa = PBXBuildFile; fileRef = 08783A0E2148DFAEB02B9331 /* Pods_ios_sdk.framework */; };
		1F85BBB7D1AC48ADEDE336F9 /* Pods_sdks_SaferizeTests.framework in Frameworks */ = {isa = PBXBuildFile; fileRef = B29A62C9EC069F4F528E640B /* Pods_sdks_SaferizeTests.framework */; };
		36317D5921278D910039E8EA /* TestWebsocket.swift in Sources */ = {isa = PBXBuildFile; fileRef = 36317D5821278D910039E8EA /* TestWebsocket.swift */; };
		36317D61212795FB0039E8EA /* AppDelegate.swift in Sources */ = {isa = PBXBuildFile; fileRef = 36317D60212795FB0039E8EA /* AppDelegate.swift */; };
		36317D63212795FB0039E8EA /* ViewController.swift in Sources */ = {isa = PBXBuildFile; fileRef = 36317D62212795FB0039E8EA /* ViewController.swift */; };
		36317D66212795FB0039E8EA /* Main.storyboard in Resources */ = {isa = PBXBuildFile; fileRef = 36317D64212795FB0039E8EA /* Main.storyboard */; };
		36317D68212795FE0039E8EA /* Assets.xcassets in Resources */ = {isa = PBXBuildFile; fileRef = 36317D67212795FE0039E8EA /* Assets.xcassets */; };
		363B71D02125F620009B9121 /* SaferizeService.swift in Sources */ = {isa = PBXBuildFile; fileRef = 363B71CF2125F620009B9121 /* SaferizeService.swift */; };
		366BCC4D212B64A9004B6D5A /* saferize-dev.p12 in Resources */ = {isa = PBXBuildFile; fileRef = 36B7B36A212642EB00149A1F /* saferize-dev.p12 */; };
		366BCC4F212B726B004B6D5A /* SaferizeConfig.swift in Sources */ = {isa = PBXBuildFile; fileRef = 366BCC4E212B726B004B6D5A /* SaferizeConfig.swift */; };
		3676AD21212B467400E78F99 /* libios-sdk.a in Frameworks */ = {isa = PBXBuildFile; fileRef = 363B71C52125F555009B9121 /* libios-sdk.a */; settings = {ATTRIBUTES = (Required, ); }; };
		36B7B35D21261EE200149A1F /* SaferizeTests.swift in Sources */ = {isa = PBXBuildFile; fileRef = 36B7B35C21261EE200149A1F /* SaferizeTests.swift */; };
		36B7B35F21261EE200149A1F /* libios-sdk.a in Frameworks */ = {isa = PBXBuildFile; fileRef = 363B71C52125F555009B9121 /* libios-sdk.a */; };
		36B7B36B212642EB00149A1F /* saferize-dev.p12 in Resources */ = {isa = PBXBuildFile; fileRef = 36B7B36A212642EB00149A1F /* saferize-dev.p12 */; };
		36D32D68212751C900F3F660 /* Approval.swift in Sources */ = {isa = PBXBuildFile; fileRef = 36D32D67212751C900F3F660 /* Approval.swift */; };
		36D32D6A2127605C00F3F660 /* SaferizeSession.swift in Sources */ = {isa = PBXBuildFile; fileRef = 36D32D692127605C00F3F660 /* SaferizeSession.swift */; };
		36D32D6C2127624900F3F660 /* SaferizeCallback.swift in Sources */ = {isa = PBXBuildFile; fileRef = 36D32D6B2127624900F3F660 /* SaferizeCallback.swift */; };
		75EAEF77AD2D462F7D35D94B /* Pods_sdks_SaferizeTests.framework in Frameworks */ = {isa = PBXBuildFile; fileRef = 366BCC4B212B6382004B6D5A /* Pods_sdks_SaferizeTests.framework */; };
		E6358D2B8E6958A6D95B53E2 /* Pods_sdks_ios_sdk.framework in Frameworks */ = {isa = PBXBuildFile; fileRef = D275907B7AF17E5C0A724FA2 /* Pods_sdks_ios_sdk.framework */; };
		FE50068D7420547AB77B6E93 /* Pods_sdks_ios_sdk.framework in Frameworks */ = {isa = PBXBuildFile; fileRef = 3676AD24212B476000E78F99 /* Pods_sdks_ios_sdk.framework */; };
/* End PBXBuildFile section */

/* Begin PBXContainerItemProxy section */
		36317D72212795FE0039E8EA /* PBXContainerItemProxy */ = {
			isa = PBXContainerItemProxy;
			containerPortal = 363B71BD2125F555009B9121 /* Project object */;
			proxyType = 1;
			remoteGlobalIDString = 36317D5D212795FB0039E8EA;
			remoteInfo = ExampleApp;
		};
		36317D7D212795FE0039E8EA /* PBXContainerItemProxy */ = {
			isa = PBXContainerItemProxy;
			containerPortal = 363B71BD2125F555009B9121 /* Project object */;
			proxyType = 1;
			remoteGlobalIDString = 36317D5D212795FB0039E8EA;
			remoteInfo = ExampleApp;
		};
		3676AD1F212B461B00E78F99 /* PBXContainerItemProxy */ = {
			isa = PBXContainerItemProxy;
			containerPortal = 363B71BD2125F555009B9121 /* Project object */;
			proxyType = 1;
			remoteGlobalIDString = 363B71C42125F555009B9121;
			remoteInfo = "ios-sdk";
		};
		36B7B36021261EE200149A1F /* PBXContainerItemProxy */ = {
			isa = PBXContainerItemProxy;
			containerPortal = 363B71BD2125F555009B9121 /* Project object */;
			proxyType = 1;
			remoteGlobalIDString = 363B71C42125F555009B9121;
			remoteInfo = "ios-sdk";
		};
/* End PBXContainerItemProxy section */

/* Begin PBXCopyFilesBuildPhase section */
		363B71C32125F555009B9121 /* CopyFiles */ = {
			isa = PBXCopyFilesBuildPhase;
			buildActionMask = 2147483647;
			dstPath = "include/$(PRODUCT_NAME)";
			dstSubfolderSpec = 16;
			files = (
			);
			runOnlyForDeploymentPostprocessing = 0;
		};
/* End PBXCopyFilesBuildPhase section */

/* Begin PBXFileReference section */
		08783A0E2148DFAEB02B9331 /* Pods_ios_sdk.framework */ = {isa = PBXFileReference; explicitFileType = wrapper.framework; includeInIndex = 0; path = Pods_ios_sdk.framework; sourceTree = BUILT_PRODUCTS_DIR; };
		1BA84C592FD2E474891AFDD8 /* Pods_sdks_ExampleApp.framework */ = {isa = PBXFileReference; explicitFileType = wrapper.framework; includeInIndex = 0; path = Pods_sdks_ExampleApp.framework; sourceTree = BUILT_PRODUCTS_DIR; };
		1FCFAEB239D94453C3A95DD6 /* Pods-sdks-ios-sdk.release.xcconfig */ = {isa = PBXFileReference; includeInIndex = 1; lastKnownFileType = text.xcconfig; name = "Pods-sdks-ios-sdk.release.xcconfig"; path = "Pods/Target Support Files/Pods-sdks-ios-sdk/Pods-sdks-ios-sdk.release.xcconfig"; sourceTree = "<group>"; };
		36317D5821278D910039E8EA /* TestWebsocket.swift */ = {isa = PBXFileReference; lastKnownFileType = sourcecode.swift; path = TestWebsocket.swift; sourceTree = "<group>"; };
		36317D5E212795FB0039E8EA /* ExampleApp.app */ = {isa = PBXFileReference; explicitFileType = wrapper.application; includeInIndex = 0; path = ExampleApp.app; sourceTree = BUILT_PRODUCTS_DIR; };
		36317D60212795FB0039E8EA /* AppDelegate.swift */ = {isa = PBXFileReference; lastKnownFileType = sourcecode.swift; path = AppDelegate.swift; sourceTree = "<group>"; };
		36317D62212795FB0039E8EA /* ViewController.swift */ = {isa = PBXFileReference; lastKnownFileType = sourcecode.swift; path = ViewController.swift; sourceTree = "<group>"; };
		36317D65212795FB0039E8EA /* Base */ = {isa = PBXFileReference; lastKnownFileType = file.storyboard; name = Base; path = Base.lproj/Main.storyboard; sourceTree = "<group>"; };
		36317D67212795FE0039E8EA /* Assets.xcassets */ = {isa = PBXFileReference; lastKnownFileType = folder.assetcatalog; path = Assets.xcassets; sourceTree = "<group>"; };
		36317D6C212795FE0039E8EA /* Info.plist */ = {isa = PBXFileReference; lastKnownFileType = text.plist.xml; path = Info.plist; sourceTree = "<group>"; };
		36317D71212795FE0039E8EA /* ExampleAppTests.xctest */ = {isa = PBXFileReference; explicitFileType = wrapper.cfbundle; includeInIndex = 0; path = ExampleAppTests.xctest; sourceTree = BUILT_PRODUCTS_DIR; };
		36317D7C212795FE0039E8EA /* ExampleAppUITests.xctest */ = {isa = PBXFileReference; explicitFileType = wrapper.cfbundle; includeInIndex = 0; path = ExampleAppUITests.xctest; sourceTree = BUILT_PRODUCTS_DIR; };
		363B71C52125F555009B9121 /* libios-sdk.a */ = {isa = PBXFileReference; explicitFileType = archive.ar; includeInIndex = 0; path = "libios-sdk.a"; sourceTree = BUILT_PRODUCTS_DIR; };
		363B71CF2125F620009B9121 /* SaferizeService.swift */ = {isa = PBXFileReference; lastKnownFileType = sourcecode.swift; path = SaferizeService.swift; sourceTree = "<group>"; };
		363B71D12125FDFB009B9121 /* Podfile */ = {isa = PBXFileReference; fileEncoding = 4; lastKnownFileType = text; path = Podfile; sourceTree = "<group>"; xcLanguageSpecificationIdentifier = xcode.lang.ruby; };
		366BCC4B212B6382004B6D5A /* Pods_sdks_SaferizeTests.framework */ = {isa = PBXFileReference; explicitFileType = wrapper.framework; path = Pods_sdks_SaferizeTests.framework; sourceTree = BUILT_PRODUCTS_DIR; };
		366BCC4E212B726B004B6D5A /* SaferizeConfig.swift */ = {isa = PBXFileReference; lastKnownFileType = sourcecode.swift; path = SaferizeConfig.swift; sourceTree = "<group>"; };
		3676AD22212B46D900E78F99 /* Pods_sdks_ios_sdk.framework */ = {isa = PBXFileReference; explicitFileType = wrapper.framework; path = Pods_sdks_ios_sdk.framework; sourceTree = BUILT_PRODUCTS_DIR; };
		3676AD24212B476000E78F99 /* Pods_sdks_ios_sdk.framework */ = {isa = PBXFileReference; explicitFileType = wrapper.framework; path = Pods_sdks_ios_sdk.framework; sourceTree = BUILT_PRODUCTS_DIR; };
		36B7B35A21261EE200149A1F /* SaferizeTests.xctest */ = {isa = PBXFileReference; explicitFileType = wrapper.cfbundle; includeInIndex = 0; path = SaferizeTests.xctest; sourceTree = BUILT_PRODUCTS_DIR; };
		36B7B35C21261EE200149A1F /* SaferizeTests.swift */ = {isa = PBXFileReference; lastKnownFileType = sourcecode.swift; path = SaferizeTests.swift; sourceTree = "<group>"; };
		36B7B35E21261EE200149A1F /* Info.plist */ = {isa = PBXFileReference; lastKnownFileType = text.plist.xml; path = Info.plist; sourceTree = "<group>"; };
		36B7B36A212642EB00149A1F /* saferize-dev.p12 */ = {isa = PBXFileReference; lastKnownFileType = file; path = "saferize-dev.p12"; sourceTree = "<group>"; };
		36D32D67212751C900F3F660 /* Approval.swift */ = {isa = PBXFileReference; lastKnownFileType = sourcecode.swift; path = Approval.swift; sourceTree = "<group>"; };
		36D32D692127605C00F3F660 /* SaferizeSession.swift */ = {isa = PBXFileReference; lastKnownFileType = sourcecode.swift; path = SaferizeSession.swift; sourceTree = "<group>"; };
		36D32D6B2127624900F3F660 /* SaferizeCallback.swift */ = {isa = PBXFileReference; lastKnownFileType = sourcecode.swift; path = SaferizeCallback.swift; sourceTree = "<group>"; };
		39059B31DA46BD64B881AA4E /* Pods-ios-sdk.release.xcconfig */ = {isa = PBXFileReference; includeInIndex = 1; lastKnownFileType = text.xcconfig; name = "Pods-ios-sdk.release.xcconfig"; path = "Pods/Target Support Files/Pods-ios-sdk/Pods-ios-sdk.release.xcconfig"; sourceTree = "<group>"; };
		551BAF2CBBDB6B6E0BA5EB50 /* Pods-sdks-SaferizeTests.release.xcconfig */ = {isa = PBXFileReference; includeInIndex = 1; lastKnownFileType = text.xcconfig; name = "Pods-sdks-SaferizeTests.release.xcconfig"; path = "Pods/Target Support Files/Pods-sdks-SaferizeTests/Pods-sdks-SaferizeTests.release.xcconfig"; sourceTree = "<group>"; };
		842BDE0CAB769647AD5F06FD /* Pods-sdks-ios-sdk.debug.xcconfig */ = {isa = PBXFileReference; includeInIndex = 1; lastKnownFileType = text.xcconfig; name = "Pods-sdks-ios-sdk.debug.xcconfig"; path = "Pods/Target Support Files/Pods-sdks-ios-sdk/Pods-sdks-ios-sdk.debug.xcconfig"; sourceTree = "<group>"; };
		987248DFB71F42CE03D4AEA2 /* Pods-sdks-ExampleApp.debug.xcconfig */ = {isa = PBXFileReference; includeInIndex = 1; lastKnownFileType = text.xcconfig; name = "Pods-sdks-ExampleApp.debug.xcconfig"; path = "Pods/Target Support Files/Pods-sdks-ExampleApp/Pods-sdks-ExampleApp.debug.xcconfig"; sourceTree = "<group>"; };
		A1AA345888EF6E19BEFE4511 /* Pods-sdks-ExampleApp.release.xcconfig */ = {isa = PBXFileReference; includeInIndex = 1; lastKnownFileType = text.xcconfig; name = "Pods-sdks-ExampleApp.release.xcconfig"; path = "Pods/Target Support Files/Pods-sdks-ExampleApp/Pods-sdks-ExampleApp.release.xcconfig"; sourceTree = "<group>"; };
		B29A62C9EC069F4F528E640B /* Pods_sdks_SaferizeTests.framework */ = {isa = PBXFileReference; explicitFileType = wrapper.framework; includeInIndex = 0; path = Pods_sdks_SaferizeTests.framework; sourceTree = BUILT_PRODUCTS_DIR; };
		B78B8350FFE61D6BDCF2B145 /* Pods-ios-sdk.debug.xcconfig */ = {isa = PBXFileReference; includeInIndex = 1; lastKnownFileType = text.xcconfig; name = "Pods-ios-sdk.debug.xcconfig"; path = "Pods/Target Support Files/Pods-ios-sdk/Pods-ios-sdk.debug.xcconfig"; sourceTree = "<group>"; };
		D275907B7AF17E5C0A724FA2 /* Pods_sdks_ios_sdk.framework */ = {isa = PBXFileReference; explicitFileType = wrapper.framework; includeInIndex = 0; path = Pods_sdks_ios_sdk.framework; sourceTree = BUILT_PRODUCTS_DIR; };
		ED7D0A72874D71551C51FC18 /* Pods-sdks-SaferizeTests.debug.xcconfig */ = {isa = PBXFileReference; includeInIndex = 1; lastKnownFileType = text.xcconfig; name = "Pods-sdks-SaferizeTests.debug.xcconfig"; path = "Pods/Target Support Files/Pods-sdks-SaferizeTests/Pods-sdks-SaferizeTests.debug.xcconfig"; sourceTree = "<group>"; };
/* End PBXFileReference section */

/* Begin PBXFrameworksBuildPhase section */
		36317D5B212795FB0039E8EA /* Frameworks */ = {
			isa = PBXFrameworksBuildPhase;
			buildActionMask = 2147483647;
			files = (
				3676AD21212B467400E78F99 /* libios-sdk.a in Frameworks */,
				1EB339956B0DE0E392329978 /* Pods_sdks_ExampleApp.framework in Frameworks */,
			);
			runOnlyForDeploymentPostprocessing = 0;
		};
		36317D6E212795FE0039E8EA /* Frameworks */ = {
			isa = PBXFrameworksBuildPhase;
			buildActionMask = 2147483647;
			files = (
			);
			runOnlyForDeploymentPostprocessing = 0;
		};
		36317D79212795FE0039E8EA /* Frameworks */ = {
			isa = PBXFrameworksBuildPhase;
			buildActionMask = 2147483647;
			files = (
			);
			runOnlyForDeploymentPostprocessing = 0;
		};
		363B71C22125F555009B9121 /* Frameworks */ = {
			isa = PBXFrameworksBuildPhase;
			buildActionMask = 2147483647;
			files = (
				1F5F4C1E7701B7FC70099DB8 /* Pods_ios_sdk.framework in Frameworks */,
				E6358D2B8E6958A6D95B53E2 /* Pods_sdks_ios_sdk.framework in Frameworks */,
				FE50068D7420547AB77B6E93 /* Pods_sdks_ios_sdk.framework in Frameworks */,
			);
			runOnlyForDeploymentPostprocessing = 0;
		};
		36B7B35721261EE200149A1F /* Frameworks */ = {
			isa = PBXFrameworksBuildPhase;
			buildActionMask = 2147483647;
			files = (
				36B7B35F21261EE200149A1F /* libios-sdk.a in Frameworks */,
				1F85BBB7D1AC48ADEDE336F9 /* Pods_sdks_SaferizeTests.framework in Frameworks */,
				75EAEF77AD2D462F7D35D94B /* Pods_sdks_SaferizeTests.framework in Frameworks */,
			);
			runOnlyForDeploymentPostprocessing = 0;
		};
/* End PBXFrameworksBuildPhase section */

/* Begin PBXGroup section */
		1AFA7D0086889A31029543CC /* Pods */ = {
			isa = PBXGroup;
			children = (
				B78B8350FFE61D6BDCF2B145 /* Pods-ios-sdk.debug.xcconfig */,
				39059B31DA46BD64B881AA4E /* Pods-ios-sdk.release.xcconfig */,
				ED7D0A72874D71551C51FC18 /* Pods-sdks-SaferizeTests.debug.xcconfig */,
				551BAF2CBBDB6B6E0BA5EB50 /* Pods-sdks-SaferizeTests.release.xcconfig */,
				842BDE0CAB769647AD5F06FD /* Pods-sdks-ios-sdk.debug.xcconfig */,
				1FCFAEB239D94453C3A95DD6 /* Pods-sdks-ios-sdk.release.xcconfig */,
				987248DFB71F42CE03D4AEA2 /* Pods-sdks-ExampleApp.debug.xcconfig */,
				A1AA345888EF6E19BEFE4511 /* Pods-sdks-ExampleApp.release.xcconfig */,
			);
			name = Pods;
			sourceTree = "<group>";
		};
		36317D5F212795FB0039E8EA /* ExampleApp */ = {
			isa = PBXGroup;
			children = (
				36317D60212795FB0039E8EA /* AppDelegate.swift */,
				36317D62212795FB0039E8EA /* ViewController.swift */,
				36317D64212795FB0039E8EA /* Main.storyboard */,
				36317D67212795FE0039E8EA /* Assets.xcassets */,
				36317D6C212795FE0039E8EA /* Info.plist */,
			);
			path = ExampleApp;
			sourceTree = "<group>";
		};
		363B71BC2125F555009B9121 = {
			isa = PBXGroup;
			children = (
				363B71D12125FDFB009B9121 /* Podfile */,
				363B71C72125F555009B9121 /* ios-sdk */,
				36B7B35B21261EE200149A1F /* SaferizeTests */,
				36317D5F212795FB0039E8EA /* ExampleApp */,
				363B71C62125F555009B9121 /* Products */,
				1AFA7D0086889A31029543CC /* Pods */,
				C6F1F2E527D55AEF9836C0DA /* Frameworks */,
			);
			sourceTree = "<group>";
		};
		363B71C62125F555009B9121 /* Products */ = {
			isa = PBXGroup;
			children = (
				363B71C52125F555009B9121 /* libios-sdk.a */,
				36B7B35A21261EE200149A1F /* SaferizeTests.xctest */,
				36317D5E212795FB0039E8EA /* ExampleApp.app */,
				36317D71212795FE0039E8EA /* ExampleAppTests.xctest */,
				36317D7C212795FE0039E8EA /* ExampleAppUITests.xctest */,
			);
			name = Products;
			sourceTree = "<group>";
		};
		363B71C72125F555009B9121 /* ios-sdk */ = {
			isa = PBXGroup;
			children = (
				36B7B36A212642EB00149A1F /* saferize-dev.p12 */,
				363B71CF2125F620009B9121 /* SaferizeService.swift */,
				36D32D67212751C900F3F660 /* Approval.swift */,
				36D32D692127605C00F3F660 /* SaferizeSession.swift */,
				36D32D6B2127624900F3F660 /* SaferizeCallback.swift */,
				366BCC4E212B726B004B6D5A /* SaferizeConfig.swift */,
			);
			path = "ios-sdk";
			sourceTree = "<group>";
		};
		36B7B35B21261EE200149A1F /* SaferizeTests */ = {
			isa = PBXGroup;
			children = (
				36B7B35C21261EE200149A1F /* SaferizeTests.swift */,
				36B7B35E21261EE200149A1F /* Info.plist */,
				36317D5821278D910039E8EA /* TestWebsocket.swift */,
			);
			path = SaferizeTests;
			sourceTree = "<group>";
		};
		C6F1F2E527D55AEF9836C0DA /* Frameworks */ = {
			isa = PBXGroup;
			children = (
				366BCC4B212B6382004B6D5A /* Pods_sdks_SaferizeTests.framework */,
				3676AD24212B476000E78F99 /* Pods_sdks_ios_sdk.framework */,
				3676AD22212B46D900E78F99 /* Pods_sdks_ios_sdk.framework */,
				08783A0E2148DFAEB02B9331 /* Pods_ios_sdk.framework */,
				B29A62C9EC069F4F528E640B /* Pods_sdks_SaferizeTests.framework */,
				D275907B7AF17E5C0A724FA2 /* Pods_sdks_ios_sdk.framework */,
				1BA84C592FD2E474891AFDD8 /* Pods_sdks_ExampleApp.framework */,
			);
			name = Frameworks;
			sourceTree = "<group>";
		};
/* End PBXGroup section */

/* Begin PBXNativeTarget section */
		36317D5D212795FB0039E8EA /* ExampleApp */ = {
			isa = PBXNativeTarget;
			buildConfigurationList = 36317D83212795FE0039E8EA /* Build configuration list for PBXNativeTarget "ExampleApp" */;
			buildPhases = (
				A220E635ABA0CF4B2093727D /* [CP] Check Pods Manifest.lock */,
				36317D5A212795FB0039E8EA /* Sources */,
				36317D5B212795FB0039E8EA /* Frameworks */,
				36317D5C212795FB0039E8EA /* Resources */,
				B15F8EECDF72504AAF89D949 /* [CP] Embed Pods Frameworks */,
			);
			buildRules = (
			);
			dependencies = (
				3676AD20212B461B00E78F99 /* PBXTargetDependency */,
			);
			name = ExampleApp;
			productName = ExampleApp;
			productReference = 36317D5E212795FB0039E8EA /* ExampleApp.app */;
			productType = "com.apple.product-type.application";
		};
		36317D70212795FE0039E8EA /* ExampleAppTests */ = {
			isa = PBXNativeTarget;
			buildConfigurationList = 36317D86212795FE0039E8EA /* Build configuration list for PBXNativeTarget "ExampleAppTests" */;
			buildPhases = (
				36317D6D212795FE0039E8EA /* Sources */,
				36317D6E212795FE0039E8EA /* Frameworks */,
				36317D6F212795FE0039E8EA /* Resources */,
			);
			buildRules = (
			);
			dependencies = (
				36317D73212795FE0039E8EA /* PBXTargetDependency */,
			);
			name = ExampleAppTests;
			productName = ExampleAppTests;
			productReference = 36317D71212795FE0039E8EA /* ExampleAppTests.xctest */;
			productType = "com.apple.product-type.bundle.unit-test";
		};
		36317D7B212795FE0039E8EA /* ExampleAppUITests */ = {
			isa = PBXNativeTarget;
			buildConfigurationList = 36317D89212795FE0039E8EA /* Build configuration list for PBXNativeTarget "ExampleAppUITests" */;
			buildPhases = (
				36317D78212795FE0039E8EA /* Sources */,
				36317D79212795FE0039E8EA /* Frameworks */,
				36317D7A212795FE0039E8EA /* Resources */,
			);
			buildRules = (
			);
			dependencies = (
				36317D7E212795FE0039E8EA /* PBXTargetDependency */,
			);
			name = ExampleAppUITests;
			productName = ExampleAppUITests;
			productReference = 36317D7C212795FE0039E8EA /* ExampleAppUITests.xctest */;
			productType = "com.apple.product-type.bundle.ui-testing";
		};
		363B71C42125F555009B9121 /* ios-sdk */ = {
			isa = PBXNativeTarget;
			buildConfigurationList = 363B71CC2125F555009B9121 /* Build configuration list for PBXNativeTarget "ios-sdk" */;
			buildPhases = (
				37B8CE0189AA0EB626058635 /* [CP] Check Pods Manifest.lock */,
				363B71C12125F555009B9121 /* Sources */,
				363B71C22125F555009B9121 /* Frameworks */,
				363B71C32125F555009B9121 /* CopyFiles */,
			);
			buildRules = (
			);
			dependencies = (
			);
			name = "ios-sdk";
			productName = "ios-sdk";
			productReference = 363B71C52125F555009B9121 /* libios-sdk.a */;
			productType = "com.apple.product-type.library.static";
		};
		36B7B35921261EE200149A1F /* SaferizeTests */ = {
			isa = PBXNativeTarget;
			buildConfigurationList = 36B7B36221261EE200149A1F /* Build configuration list for PBXNativeTarget "SaferizeTests" */;
			buildPhases = (
				EB8B4531916FDC5F38D6A0DD /* [CP] Check Pods Manifest.lock */,
				36B7B35621261EE200149A1F /* Sources */,
				36B7B35721261EE200149A1F /* Frameworks */,
				36B7B35821261EE200149A1F /* Resources */,
				C74BF22F2FEC1F01ABE311D0 /* [CP] Embed Pods Frameworks */,
			);
			buildRules = (
			);
			dependencies = (
				36B7B36121261EE200149A1F /* PBXTargetDependency */,
			);
			name = SaferizeTests;
			productName = SaferizeTests;
			productReference = 36B7B35A21261EE200149A1F /* SaferizeTests.xctest */;
			productType = "com.apple.product-type.bundle.unit-test";
		};
/* End PBXNativeTarget section */

/* Begin PBXProject section */
		363B71BD2125F555009B9121 /* Project object */ = {
			isa = PBXProject;
			attributes = {
				LastSwiftUpdateCheck = 0940;
				LastUpgradeCheck = 0940;
				ORGANIZATIONNAME = Saferize;
				TargetAttributes = {
					36317D5D212795FB0039E8EA = {
						CreatedOnToolsVersion = 9.4.1;
					};
					36317D70212795FE0039E8EA = {
						CreatedOnToolsVersion = 9.4.1;
						TestTargetID = 36317D5D212795FB0039E8EA;
					};
					36317D7B212795FE0039E8EA = {
						CreatedOnToolsVersion = 9.4.1;
						TestTargetID = 36317D5D212795FB0039E8EA;
					};
					363B71C42125F555009B9121 = {
						CreatedOnToolsVersion = 9.4.1;
					};
					36B7B35921261EE200149A1F = {
						CreatedOnToolsVersion = 9.4.1;
					};
				};
			};
			buildConfigurationList = 363B71C02125F555009B9121 /* Build configuration list for PBXProject "ios-sdk" */;
			compatibilityVersion = "Xcode 9.3";
			developmentRegion = en;
			hasScannedForEncodings = 0;
			knownRegions = (
				en,
				Base,
			);
			mainGroup = 363B71BC2125F555009B9121;
			productRefGroup = 363B71C62125F555009B9121 /* Products */;
			projectDirPath = "";
			projectRoot = "";
			targets = (
				363B71C42125F555009B9121 /* ios-sdk */,
				36B7B35921261EE200149A1F /* SaferizeTests */,
				36317D5D212795FB0039E8EA /* ExampleApp */,
				36317D70212795FE0039E8EA /* ExampleAppTests */,
				36317D7B212795FE0039E8EA /* ExampleAppUITests */,
			);
		};
/* End PBXProject section */

/* Begin PBXResourcesBuildPhase section */
		36317D5C212795FB0039E8EA /* Resources */ = {
			isa = PBXResourcesBuildPhase;
			buildActionMask = 2147483647;
			files = (
				366BCC4D212B64A9004B6D5A /* saferize-dev.p12 in Resources */,
				36317D68212795FE0039E8EA /* Assets.xcassets in Resources */,
				36317D66212795FB0039E8EA /* Main.storyboard in Resources */,
			);
			runOnlyForDeploymentPostprocessing = 0;
		};
		36317D6F212795FE0039E8EA /* Resources */ = {
			isa = PBXResourcesBuildPhase;
			buildActionMask = 2147483647;
			files = (
			);
			runOnlyForDeploymentPostprocessing = 0;
		};
		36317D7A212795FE0039E8EA /* Resources */ = {
			isa = PBXResourcesBuildPhase;
			buildActionMask = 2147483647;
			files = (
			);
			runOnlyForDeploymentPostprocessing = 0;
		};
		36B7B35821261EE200149A1F /* Resources */ = {
			isa = PBXResourcesBuildPhase;
			buildActionMask = 2147483647;
			files = (
				36B7B36B212642EB00149A1F /* saferize-dev.p12 in Resources */,
			);
			runOnlyForDeploymentPostprocessing = 0;
		};
/* End PBXResourcesBuildPhase section */

/* Begin PBXShellScriptBuildPhase section */
		37B8CE0189AA0EB626058635 /* [CP] Check Pods Manifest.lock */ = {
			isa = PBXShellScriptBuildPhase;
			buildActionMask = 2147483647;
			files = (
			);
			inputPaths = (
				"${PODS_PODFILE_DIR_PATH}/Podfile.lock",
				"${PODS_ROOT}/Manifest.lock",
			);
			name = "[CP] Check Pods Manifest.lock";
			outputPaths = (
				"$(DERIVED_FILE_DIR)/Pods-sdks-ios-sdk-checkManifestLockResult.txt",
			);
			runOnlyForDeploymentPostprocessing = 0;
			shellPath = /bin/sh;
			shellScript = "diff \"${PODS_PODFILE_DIR_PATH}/Podfile.lock\" \"${PODS_ROOT}/Manifest.lock\" > /dev/null\nif [ $? != 0 ] ; then\n    # print error to STDERR\n    echo \"error: The sandbox is not in sync with the Podfile.lock. Run 'pod install' or update your CocoaPods installation.\" >&2\n    exit 1\nfi\n# This output is used by Xcode 'outputs' to avoid re-running this script phase.\necho \"SUCCESS\" > \"${SCRIPT_OUTPUT_FILE_0}\"\n";
			showEnvVarsInLog = 0;
		};
		A220E635ABA0CF4B2093727D /* [CP] Check Pods Manifest.lock */ = {
			isa = PBXShellScriptBuildPhase;
			buildActionMask = 2147483647;
			files = (
			);
			inputPaths = (
				"${PODS_PODFILE_DIR_PATH}/Podfile.lock",
				"${PODS_ROOT}/Manifest.lock",
			);
			name = "[CP] Check Pods Manifest.lock";
			outputPaths = (
				"$(DERIVED_FILE_DIR)/Pods-sdks-ExampleApp-checkManifestLockResult.txt",
			);
			runOnlyForDeploymentPostprocessing = 0;
			shellPath = /bin/sh;
			shellScript = "diff \"${PODS_PODFILE_DIR_PATH}/Podfile.lock\" \"${PODS_ROOT}/Manifest.lock\" > /dev/null\nif [ $? != 0 ] ; then\n    # print error to STDERR\n    echo \"error: The sandbox is not in sync with the Podfile.lock. Run 'pod install' or update your CocoaPods installation.\" >&2\n    exit 1\nfi\n# This output is used by Xcode 'outputs' to avoid re-running this script phase.\necho \"SUCCESS\" > \"${SCRIPT_OUTPUT_FILE_0}\"\n";
			showEnvVarsInLog = 0;
		};
		B15F8EECDF72504AAF89D949 /* [CP] Embed Pods Frameworks */ = {
			isa = PBXShellScriptBuildPhase;
			buildActionMask = 2147483647;
			files = (
			);
			inputPaths = (
				"${SRCROOT}/Pods/Target Support Files/Pods-sdks-ExampleApp/Pods-sdks-ExampleApp-frameworks.sh",
				"${BUILT_PRODUCTS_DIR}/Alamofire/Alamofire.framework",
				"${BUILT_PRODUCTS_DIR}/KTVJSONWebToken/KTVJSONWebToken.framework",
				"${BUILT_PRODUCTS_DIR}/ObjectMapper/ObjectMapper.framework",
				"${BUILT_PRODUCTS_DIR}/Starscream/Starscream.framework",
				"${BUILT_PRODUCTS_DIR}/SwiftyJSON/SwiftyJSON.framework",
			);
			name = "[CP] Embed Pods Frameworks";
			outputPaths = (
				"${TARGET_BUILD_DIR}/${FRAMEWORKS_FOLDER_PATH}/Alamofire.framework",
				"${TARGET_BUILD_DIR}/${FRAMEWORKS_FOLDER_PATH}/KTVJSONWebToken.framework",
				"${TARGET_BUILD_DIR}/${FRAMEWORKS_FOLDER_PATH}/ObjectMapper.framework",
				"${TARGET_BUILD_DIR}/${FRAMEWORKS_FOLDER_PATH}/Starscream.framework",
				"${TARGET_BUILD_DIR}/${FRAMEWORKS_FOLDER_PATH}/SwiftyJSON.framework",
			);
			runOnlyForDeploymentPostprocessing = 0;
			shellPath = /bin/sh;
			shellScript = "\"${SRCROOT}/Pods/Target Support Files/Pods-sdks-ExampleApp/Pods-sdks-ExampleApp-frameworks.sh\"\n";
			showEnvVarsInLog = 0;
		};
		C74BF22F2FEC1F01ABE311D0 /* [CP] Embed Pods Frameworks */ = {
			isa = PBXShellScriptBuildPhase;
			buildActionMask = 2147483647;
			files = (
			);
			inputPaths = (
				"${SRCROOT}/Pods/Target Support Files/Pods-sdks-SaferizeTests/Pods-sdks-SaferizeTests-frameworks.sh",
				"${BUILT_PRODUCTS_DIR}/Alamofire/Alamofire.framework",
				"${BUILT_PRODUCTS_DIR}/KTVJSONWebToken/KTVJSONWebToken.framework",
				"${BUILT_PRODUCTS_DIR}/ObjectMapper/ObjectMapper.framework",
				"${BUILT_PRODUCTS_DIR}/Starscream/Starscream.framework",
				"${BUILT_PRODUCTS_DIR}/SwiftyJSON/SwiftyJSON.framework",
			);
			name = "[CP] Embed Pods Frameworks";
			outputPaths = (
				"${TARGET_BUILD_DIR}/${FRAMEWORKS_FOLDER_PATH}/Alamofire.framework",
				"${TARGET_BUILD_DIR}/${FRAMEWORKS_FOLDER_PATH}/KTVJSONWebToken.framework",
				"${TARGET_BUILD_DIR}/${FRAMEWORKS_FOLDER_PATH}/ObjectMapper.framework",
				"${TARGET_BUILD_DIR}/${FRAMEWORKS_FOLDER_PATH}/Starscream.framework",
				"${TARGET_BUILD_DIR}/${FRAMEWORKS_FOLDER_PATH}/SwiftyJSON.framework",
			);
			runOnlyForDeploymentPostprocessing = 0;
			shellPath = /bin/sh;
			shellScript = "\"${SRCROOT}/Pods/Target Support Files/Pods-sdks-SaferizeTests/Pods-sdks-SaferizeTests-frameworks.sh\"\n";
			showEnvVarsInLog = 0;
		};
		EB8B4531916FDC5F38D6A0DD /* [CP] Check Pods Manifest.lock */ = {
			isa = PBXShellScriptBuildPhase;
			buildActionMask = 2147483647;
			files = (
			);
			inputPaths = (
				"${PODS_PODFILE_DIR_PATH}/Podfile.lock",
				"${PODS_ROOT}/Manifest.lock",
			);
			name = "[CP] Check Pods Manifest.lock";
			outputPaths = (
				"$(DERIVED_FILE_DIR)/Pods-sdks-SaferizeTests-checkManifestLockResult.txt",
			);
			runOnlyForDeploymentPostprocessing = 0;
			shellPath = /bin/sh;
			shellScript = "diff \"${PODS_PODFILE_DIR_PATH}/Podfile.lock\" \"${PODS_ROOT}/Manifest.lock\" > /dev/null\nif [ $? != 0 ] ; then\n    # print error to STDERR\n    echo \"error: The sandbox is not in sync with the Podfile.lock. Run 'pod install' or update your CocoaPods installation.\" >&2\n    exit 1\nfi\n# This output is used by Xcode 'outputs' to avoid re-running this script phase.\necho \"SUCCESS\" > \"${SCRIPT_OUTPUT_FILE_0}\"\n";
			showEnvVarsInLog = 0;
		};
/* End PBXShellScriptBuildPhase section */

/* Begin PBXSourcesBuildPhase section */
		36317D5A212795FB0039E8EA /* Sources */ = {
			isa = PBXSourcesBuildPhase;
			buildActionMask = 2147483647;
			files = (
				36317D63212795FB0039E8EA /* ViewController.swift in Sources */,
				36317D61212795FB0039E8EA /* AppDelegate.swift in Sources */,
			);
			runOnlyForDeploymentPostprocessing = 0;
		};
		36317D6D212795FE0039E8EA /* Sources */ = {
			isa = PBXSourcesBuildPhase;
			buildActionMask = 2147483647;
			files = (
			);
			runOnlyForDeploymentPostprocessing = 0;
		};
		36317D78212795FE0039E8EA /* Sources */ = {
			isa = PBXSourcesBuildPhase;
			buildActionMask = 2147483647;
			files = (
			);
			runOnlyForDeploymentPostprocessing = 0;
		};
		363B71C12125F555009B9121 /* Sources */ = {
			isa = PBXSourcesBuildPhase;
			buildActionMask = 2147483647;
			files = (
				36D32D6A2127605C00F3F660 /* SaferizeSession.swift in Sources */,
				36D32D68212751C900F3F660 /* Approval.swift in Sources */,
				363B71D02125F620009B9121 /* SaferizeService.swift in Sources */,
				366BCC4F212B726B004B6D5A /* SaferizeConfig.swift in Sources */,
				36D32D6C2127624900F3F660 /* SaferizeCallback.swift in Sources */,
			);
			runOnlyForDeploymentPostprocessing = 0;
		};
		36B7B35621261EE200149A1F /* Sources */ = {
			isa = PBXSourcesBuildPhase;
			buildActionMask = 2147483647;
			files = (
				36B7B35D21261EE200149A1F /* SaferizeTests.swift in Sources */,
				36317D5921278D910039E8EA /* TestWebsocket.swift in Sources */,
			);
			runOnlyForDeploymentPostprocessing = 0;
		};
/* End PBXSourcesBuildPhase section */

/* Begin PBXTargetDependency section */
		36317D73212795FE0039E8EA /* PBXTargetDependency */ = {
			isa = PBXTargetDependency;
			target = 36317D5D212795FB0039E8EA /* ExampleApp */;
			targetProxy = 36317D72212795FE0039E8EA /* PBXContainerItemProxy */;
		};
		36317D7E212795FE0039E8EA /* PBXTargetDependency */ = {
			isa = PBXTargetDependency;
			target = 36317D5D212795FB0039E8EA /* ExampleApp */;
			targetProxy = 36317D7D212795FE0039E8EA /* PBXContainerItemProxy */;
		};
		3676AD20212B461B00E78F99 /* PBXTargetDependency */ = {
			isa = PBXTargetDependency;
			target = 363B71C42125F555009B9121 /* ios-sdk */;
			targetProxy = 3676AD1F212B461B00E78F99 /* PBXContainerItemProxy */;
		};
		36B7B36121261EE200149A1F /* PBXTargetDependency */ = {
			isa = PBXTargetDependency;
			target = 363B71C42125F555009B9121 /* ios-sdk */;
			targetProxy = 36B7B36021261EE200149A1F /* PBXContainerItemProxy */;
		};
/* End PBXTargetDependency section */

/* Begin PBXVariantGroup section */
		36317D64212795FB0039E8EA /* Main.storyboard */ = {
			isa = PBXVariantGroup;
			children = (
				36317D65212795FB0039E8EA /* Base */,
			);
			name = Main.storyboard;
			sourceTree = "<group>";
		};
/* End PBXVariantGroup section */

/* Begin XCBuildConfiguration section */
		36317D84212795FE0039E8EA /* Debug */ = {
			isa = XCBuildConfiguration;
			baseConfigurationReference = 987248DFB71F42CE03D4AEA2 /* Pods-sdks-ExampleApp.debug.xcconfig */;
			buildSettings = {
				ASSETCATALOG_COMPILER_APPICON_NAME = AppIcon;
				CODE_SIGN_STYLE = Automatic;
				HEADER_SEARCH_PATHS = "";
				INFOPLIST_FILE = ExampleApp/Info.plist;
				LD_RUNPATH_SEARCH_PATHS = (
					"$(inherited)",
					"@executable_path/Frameworks",
				);
				OTHER_LDFLAGS = "$(inherited)";
				PRODUCT_BUNDLE_IDENTIFIER = com.saferize.ExampleApp;
				PRODUCT_NAME = "$(TARGET_NAME)";
				SWIFT_VERSION = 4.0;
				TARGETED_DEVICE_FAMILY = "1,2";
			};
			name = Debug;
		};
		36317D85212795FE0039E8EA /* Release */ = {
			isa = XCBuildConfiguration;
			baseConfigurationReference = A1AA345888EF6E19BEFE4511 /* Pods-sdks-ExampleApp.release.xcconfig */;
			buildSettings = {
				ASSETCATALOG_COMPILER_APPICON_NAME = AppIcon;
				CODE_SIGN_STYLE = Automatic;
				HEADER_SEARCH_PATHS = "";
				INFOPLIST_FILE = ExampleApp/Info.plist;
				LD_RUNPATH_SEARCH_PATHS = (
					"$(inherited)",
					"@executable_path/Frameworks",
				);
				OTHER_LDFLAGS = "$(inherited)";
				PRODUCT_BUNDLE_IDENTIFIER = com.saferize.ExampleApp;
				PRODUCT_NAME = "$(TARGET_NAME)";
				SWIFT_VERSION = 4.0;
				TARGETED_DEVICE_FAMILY = "1,2";
			};
			name = Release;
		};
		36317D87212795FE0039E8EA /* Debug */ = {
			isa = XCBuildConfiguration;
			buildSettings = {
				ALWAYS_EMBED_SWIFT_STANDARD_LIBRARIES = YES;
				BUNDLE_LOADER = "$(TEST_HOST)";
				CODE_SIGN_STYLE = Automatic;
				INFOPLIST_FILE = ExampleAppTests/Info.plist;
				LD_RUNPATH_SEARCH_PATHS = (
					"$(inherited)",
					"@executable_path/Frameworks",
					"@loader_path/Frameworks",
				);
				PRODUCT_BUNDLE_IDENTIFIER = com.saferize.ExampleAppTests;
				PRODUCT_NAME = "$(TARGET_NAME)";
				SWIFT_VERSION = 4.0;
				TARGETED_DEVICE_FAMILY = "1,2";
				TEST_HOST = "$(BUILT_PRODUCTS_DIR)/ExampleApp.app/ExampleApp";
			};
			name = Debug;
		};
		36317D88212795FE0039E8EA /* Release */ = {
			isa = XCBuildConfiguration;
			buildSettings = {
				ALWAYS_EMBED_SWIFT_STANDARD_LIBRARIES = YES;
				BUNDLE_LOADER = "$(TEST_HOST)";
				CODE_SIGN_STYLE = Automatic;
				INFOPLIST_FILE = ExampleAppTests/Info.plist;
				LD_RUNPATH_SEARCH_PATHS = (
					"$(inherited)",
					"@executable_path/Frameworks",
					"@loader_path/Frameworks",
				);
				PRODUCT_BUNDLE_IDENTIFIER = com.saferize.ExampleAppTests;
				PRODUCT_NAME = "$(TARGET_NAME)";
				SWIFT_VERSION = 4.0;
				TARGETED_DEVICE_FAMILY = "1,2";
				TEST_HOST = "$(BUILT_PRODUCTS_DIR)/ExampleApp.app/ExampleApp";
			};
			name = Release;
		};
		36317D8A212795FE0039E8EA /* Debug */ = {
			isa = XCBuildConfiguration;
			buildSettings = {
				ALWAYS_EMBED_SWIFT_STANDARD_LIBRARIES = YES;
				CODE_SIGN_STYLE = Automatic;
				INFOPLIST_FILE = ExampleAppUITests/Info.plist;
				LD_RUNPATH_SEARCH_PATHS = (
					"$(inherited)",
					"@executable_path/Frameworks",
					"@loader_path/Frameworks",
				);
				PRODUCT_BUNDLE_IDENTIFIER = com.saferize.ExampleAppUITests;
				PRODUCT_NAME = "$(TARGET_NAME)";
				SWIFT_VERSION = 4.0;
				TARGETED_DEVICE_FAMILY = "1,2";
				TEST_TARGET_NAME = ExampleApp;
			};
			name = Debug;
		};
		36317D8B212795FE0039E8EA /* Release */ = {
			isa = XCBuildConfiguration;
			buildSettings = {
				ALWAYS_EMBED_SWIFT_STANDARD_LIBRARIES = YES;
				CODE_SIGN_STYLE = Automatic;
				INFOPLIST_FILE = ExampleAppUITests/Info.plist;
				LD_RUNPATH_SEARCH_PATHS = (
					"$(inherited)",
					"@executable_path/Frameworks",
					"@loader_path/Frameworks",
				);
				PRODUCT_BUNDLE_IDENTIFIER = com.saferize.ExampleAppUITests;
				PRODUCT_NAME = "$(TARGET_NAME)";
				SWIFT_VERSION = 4.0;
				TARGETED_DEVICE_FAMILY = "1,2";
				TEST_TARGET_NAME = ExampleApp;
			};
			name = Release;
		};
		363B71CA2125F555009B9121 /* Debug */ = {
			isa = XCBuildConfiguration;
			buildSettings = {
				ALWAYS_SEARCH_USER_PATHS = NO;
				CLANG_ANALYZER_NONNULL = YES;
				CLANG_ANALYZER_NUMBER_OBJECT_CONVERSION = YES_AGGRESSIVE;
				CLANG_CXX_LANGUAGE_STANDARD = "gnu++14";
				CLANG_CXX_LIBRARY = "libc++";
				CLANG_ENABLE_MODULES = YES;
				CLANG_ENABLE_OBJC_ARC = YES;
				CLANG_ENABLE_OBJC_WEAK = YES;
				CLANG_WARN_BLOCK_CAPTURE_AUTORELEASING = YES;
				CLANG_WARN_BOOL_CONVERSION = YES;
				CLANG_WARN_COMMA = YES;
				CLANG_WARN_CONSTANT_CONVERSION = YES;
				CLANG_WARN_DEPRECATED_OBJC_IMPLEMENTATIONS = YES;
				CLANG_WARN_DIRECT_OBJC_ISA_USAGE = YES_ERROR;
				CLANG_WARN_DOCUMENTATION_COMMENTS = YES;
				CLANG_WARN_EMPTY_BODY = YES;
				CLANG_WARN_ENUM_CONVERSION = YES;
				CLANG_WARN_INFINITE_RECURSION = YES;
				CLANG_WARN_INT_CONVERSION = YES;
				CLANG_WARN_NON_LITERAL_NULL_CONVERSION = YES;
				CLANG_WARN_OBJC_IMPLICIT_RETAIN_SELF = YES;
				CLANG_WARN_OBJC_LITERAL_CONVERSION = YES;
				CLANG_WARN_OBJC_ROOT_CLASS = YES_ERROR;
				CLANG_WARN_RANGE_LOOP_ANALYSIS = YES;
				CLANG_WARN_STRICT_PROTOTYPES = YES;
				CLANG_WARN_SUSPICIOUS_MOVE = YES;
				CLANG_WARN_UNGUARDED_AVAILABILITY = YES_AGGRESSIVE;
				CLANG_WARN_UNREACHABLE_CODE = YES;
				CLANG_WARN__DUPLICATE_METHOD_MATCH = YES;
				CODE_SIGN_IDENTITY = "iPhone Developer";
				COPY_PHASE_STRIP = NO;
				DEBUG_INFORMATION_FORMAT = dwarf;
				ENABLE_STRICT_OBJC_MSGSEND = YES;
				ENABLE_TESTABILITY = YES;
				GCC_C_LANGUAGE_STANDARD = gnu11;
				GCC_DYNAMIC_NO_PIC = NO;
				GCC_NO_COMMON_BLOCKS = YES;
				GCC_OPTIMIZATION_LEVEL = 0;
				GCC_PREPROCESSOR_DEFINITIONS = (
					"DEBUG=1",
					"$(inherited)",
				);
				GCC_WARN_64_TO_32_BIT_CONVERSION = YES;
				GCC_WARN_ABOUT_RETURN_TYPE = YES_ERROR;
				GCC_WARN_UNDECLARED_SELECTOR = YES;
				GCC_WARN_UNINITIALIZED_AUTOS = YES_AGGRESSIVE;
				GCC_WARN_UNUSED_FUNCTION = YES;
				GCC_WARN_UNUSED_VARIABLE = YES;
				IPHONEOS_DEPLOYMENT_TARGET = 11.4;
				MTL_ENABLE_DEBUG_INFO = YES;
				ONLY_ACTIVE_ARCH = YES;
				SDKROOT = iphoneos;
				SWIFT_ACTIVE_COMPILATION_CONDITIONS = DEBUG;
				SWIFT_OPTIMIZATION_LEVEL = "-Onone";
			};
			name = Debug;
		};
		363B71CB2125F555009B9121 /* Release */ = {
			isa = XCBuildConfiguration;
			buildSettings = {
				ALWAYS_SEARCH_USER_PATHS = NO;
				CLANG_ANALYZER_NONNULL = YES;
				CLANG_ANALYZER_NUMBER_OBJECT_CONVERSION = YES_AGGRESSIVE;
				CLANG_CXX_LANGUAGE_STANDARD = "gnu++14";
				CLANG_CXX_LIBRARY = "libc++";
				CLANG_ENABLE_MODULES = YES;
				CLANG_ENABLE_OBJC_ARC = YES;
				CLANG_ENABLE_OBJC_WEAK = YES;
				CLANG_WARN_BLOCK_CAPTURE_AUTORELEASING = YES;
				CLANG_WARN_BOOL_CONVERSION = YES;
				CLANG_WARN_COMMA = YES;
				CLANG_WARN_CONSTANT_CONVERSION = YES;
				CLANG_WARN_DEPRECATED_OBJC_IMPLEMENTATIONS = YES;
				CLANG_WARN_DIRECT_OBJC_ISA_USAGE = YES_ERROR;
				CLANG_WARN_DOCUMENTATION_COMMENTS = YES;
				CLANG_WARN_EMPTY_BODY = YES;
				CLANG_WARN_ENUM_CONVERSION = YES;
				CLANG_WARN_INFINITE_RECURSION = YES;
				CLANG_WARN_INT_CONVERSION = YES;
				CLANG_WARN_NON_LITERAL_NULL_CONVERSION = YES;
				CLANG_WARN_OBJC_IMPLICIT_RETAIN_SELF = YES;
				CLANG_WARN_OBJC_LITERAL_CONVERSION = YES;
				CLANG_WARN_OBJC_ROOT_CLASS = YES_ERROR;
				CLANG_WARN_RANGE_LOOP_ANALYSIS = YES;
				CLANG_WARN_STRICT_PROTOTYPES = YES;
				CLANG_WARN_SUSPICIOUS_MOVE = YES;
				CLANG_WARN_UNGUARDED_AVAILABILITY = YES_AGGRESSIVE;
				CLANG_WARN_UNREACHABLE_CODE = YES;
				CLANG_WARN__DUPLICATE_METHOD_MATCH = YES;
				CODE_SIGN_IDENTITY = "iPhone Developer";
				COPY_PHASE_STRIP = NO;
				DEBUG_INFORMATION_FORMAT = "dwarf-with-dsym";
				ENABLE_NS_ASSERTIONS = NO;
				ENABLE_STRICT_OBJC_MSGSEND = YES;
				GCC_C_LANGUAGE_STANDARD = gnu11;
				GCC_NO_COMMON_BLOCKS = YES;
				GCC_WARN_64_TO_32_BIT_CONVERSION = YES;
				GCC_WARN_ABOUT_RETURN_TYPE = YES_ERROR;
				GCC_WARN_UNDECLARED_SELECTOR = YES;
				GCC_WARN_UNINITIALIZED_AUTOS = YES_AGGRESSIVE;
				GCC_WARN_UNUSED_FUNCTION = YES;
				GCC_WARN_UNUSED_VARIABLE = YES;
				IPHONEOS_DEPLOYMENT_TARGET = 11.4;
				MTL_ENABLE_DEBUG_INFO = NO;
				SDKROOT = iphoneos;
				SWIFT_COMPILATION_MODE = wholemodule;
				SWIFT_OPTIMIZATION_LEVEL = "-O";
				VALIDATE_PRODUCT = YES;
			};
			name = Release;
		};
		363B71CD2125F555009B9121 /* Debug */ = {
			isa = XCBuildConfiguration;
			baseConfigurationReference = 842BDE0CAB769647AD5F06FD /* Pods-sdks-ios-sdk.debug.xcconfig */;
			buildSettings = {
				CODE_SIGN_STYLE = Automatic;
				OTHER_LDFLAGS = (
					"-ObjC",
					"$(inherited)",
				);
				PRODUCT_NAME = "$(TARGET_NAME)";
				SKIP_INSTALL = YES;
				SWIFT_VERSION = 4.0;
				TARGETED_DEVICE_FAMILY = "1,2";
			};
			name = Debug;
		};
		363B71CE2125F555009B9121 /* Release */ = {
			isa = XCBuildConfiguration;
			baseConfigurationReference = 1FCFAEB239D94453C3A95DD6 /* Pods-sdks-ios-sdk.release.xcconfig */;
			buildSettings = {
				CODE_SIGN_STYLE = Automatic;
				OTHER_LDFLAGS = (
					"-ObjC",
					"$(inherited)",
				);
				PRODUCT_NAME = "$(TARGET_NAME)";
				SKIP_INSTALL = YES;
				SWIFT_VERSION = 4.0;
				TARGETED_DEVICE_FAMILY = "1,2";
			};
			name = Release;
		};
		36B7B36321261EE200149A1F /* Debug */ = {
			isa = XCBuildConfiguration;
			baseConfigurationReference = ED7D0A72874D71551C51FC18 /* Pods-sdks-SaferizeTests.debug.xcconfig */;
			buildSettings = {
				BUNDLE_LOADER = "";
				CODE_SIGN_STYLE = Automatic;
				INFOPLIST_FILE = SaferizeTests/Info.plist;
				LD_RUNPATH_SEARCH_PATHS = (
					"$(inherited)",
					"@executable_path/Frameworks",
					"@loader_path/Frameworks",
				);
				PRODUCT_BUNDLE_IDENTIFIER = com.saferize.SaferizeTests;
				PRODUCT_NAME = "$(TARGET_NAME)";
				SWIFT_VERSION = 4.0;
				TARGETED_DEVICE_FAMILY = "1,2";
				TEST_HOST = "";
			};
			name = Debug;
		};
		36B7B36421261EE200149A1F /* Release */ = {
			isa = XCBuildConfiguration;
			baseConfigurationReference = 551BAF2CBBDB6B6E0BA5EB50 /* Pods-sdks-SaferizeTests.release.xcconfig */;
			buildSettings = {
				BUNDLE_LOADER = "";
				CODE_SIGN_STYLE = Automatic;
				INFOPLIST_FILE = SaferizeTests/Info.plist;
				LD_RUNPATH_SEARCH_PATHS = (
					"$(inherited)",
					"@executable_path/Frameworks",
					"@loader_path/Frameworks",
				);
				PRODUCT_BUNDLE_IDENTIFIER = com.saferize.SaferizeTests;
				PRODUCT_NAME = "$(TARGET_NAME)";
				SWIFT_VERSION = 4.0;
				TARGETED_DEVICE_FAMILY = "1,2";
				TEST_HOST = "";
			};
			name = Release;
		};
/* End XCBuildConfiguration section */

/* Begin XCConfigurationList section */
		36317D83212795FE0039E8EA /* Build configuration list for PBXNativeTarget "ExampleApp" */ = {
			isa = XCConfigurationList;
			buildConfigurations = (
				36317D84212795FE0039E8EA /* Debug */,
				36317D85212795FE0039E8EA /* Release */,
			);
			defaultConfigurationIsVisible = 0;
			defaultConfigurationName = Release;
		};
		36317D86212795FE0039E8EA /* Build configuration list for PBXNativeTarget "ExampleAppTests" */ = {
			isa = XCConfigurationList;
			buildConfigurations = (
				36317D87212795FE0039E8EA /* Debug */,
				36317D88212795FE0039E8EA /* Release */,
			);
			defaultConfigurationIsVisible = 0;
			defaultConfigurationName = Release;
		};
		36317D89212795FE0039E8EA /* Build configuration list for PBXNativeTarget "ExampleAppUITests" */ = {
			isa = XCConfigurationList;
			buildConfigurations = (
				36317D8A212795FE0039E8EA /* Debug */,
				36317D8B212795FE0039E8EA /* Release */,
			);
			defaultConfigurationIsVisible = 0;
			defaultConfigurationName = Release;
		};
		363B71C02125F555009B9121 /* Build configuration list for PBXProject "ios-sdk" */ = {
			isa = XCConfigurationList;
			buildConfigurations = (
				363B71CA2125F555009B9121 /* Debug */,
				363B71CB2125F555009B9121 /* Release */,
			);
			defaultConfigurationIsVisible = 0;
			defaultConfigurationName = Release;
		};
		363B71CC2125F555009B9121 /* Build configuration list for PBXNativeTarget "ios-sdk" */ = {
			isa = XCConfigurationList;
			buildConfigurations = (
				363B71CD2125F555009B9121 /* Debug */,
				363B71CE2125F555009B9121 /* Release */,
			);
			defaultConfigurationIsVisible = 0;
			defaultConfigurationName = Release;
		};
		36B7B36221261EE200149A1F /* Build configuration list for PBXNativeTarget "SaferizeTests" */ = {
			isa = XCConfigurationList;
			buildConfigurations = (
				36B7B36321261EE200149A1F /* Debug */,
				36B7B36421261EE200149A1F /* Release */,
			);
			defaultConfigurationIsVisible = 0;
			defaultConfigurationName = Release;
		};
/* End XCConfigurationList section */
	};
	rootObject = 363B71BD2125F555009B9121 /* Project object */;
}
